
Microsoft Visual Studio Solution File, Format Version 12.00
Project("{FAE04EC0-301F-11D3-BF4B-00C04F79EFBC}") = "WebApplication", "WebApplication\WebApplication.csproj", "{2DEB07EA-F9BE-4758-9FDD-8500D7EB1753}"
EndProject
Global
	GlobalSection(SolutionConfigurationPlatforms) = preSolution
		Debug|Any CPU = Debug|Any CPU
		Release|Any CPU = Release|Any CPU
	EndGlobalSection
	GlobalSection(ProjectConfigurationPlatforms) = postSolution
		{2DEB07EA-F9BE-4758-9FDD-8500D7EB1753}.Debug|Any CPU.ActiveCfg = Debug|Any CPU
		{2DEB07EA-F9BE-4758-9FDD-8500D7EB1753}.Debug|Any CPU.Build.0 = Debug|Any CPU
		{2DEB07EA-F9BE-4758-9FDD-8500D7EB1753}.Release|Any CPU.ActiveCfg = Release|Any CPU
		{2DEB07EA-F9BE-4758-9FDD-8500D7EB1753}.Release|Any CPU.Build.0 = Release|Any CPU
	EndGlobalSection
EndGlobal
