
Microsoft Visual Studio Solution File, Format Version 12.00
Project("{FAE04EC0-301F-11D3-BF4B-00C04F79EFBC}") = "API", "API\API.csproj", "{11DE16EF-3629-48DF-B96E-023687AF4F11}"
EndProject
Project("{FAE04EC0-301F-11D3-BF4B-00C04F79EFBC}") = "Domain", "Domain\Domain.csproj", "{9560B069-8D40-4FFE-8F8C-64B49CBE1E24}"
EndProject
Project("{FAE04EC0-301F-11D3-BF4B-00C04F79EFBC}") = "Persistence", "Persistence\Persistence.csproj", "{C5DD5FF3-5EC3-43A4-96BD-4F5ADFCA4A10}"
EndProject
Project("{FAE04EC0-301F-11D3-BF4B-00C04F79EFBC}") = "Aplication", "Aplication\Aplication.csproj", "{32326772-AFFE-4DBD-886E-8D1A2E307F93}"
EndProject
Project("{FAE04EC0-301F-11D3-BF4B-00C04F79EFBC}") = "Infrastructure", "Infrastructure\Infrastructure.csproj", "{BB872DCC-90AF-4005-B357-EC546588ED60}"
EndProject
Global
	GlobalSection(SolutionConfigurationPlatforms) = preSolution
		Debug|Any CPU = Debug|Any CPU
		Release|Any CPU = Release|Any CPU
	EndGlobalSection
	GlobalSection(ProjectConfigurationPlatforms) = postSolution
		{11DE16EF-3629-48DF-B96E-023687AF4F11}.Debug|Any CPU.ActiveCfg = Debug|Any CPU
		{11DE16EF-3629-48DF-B96E-023687AF4F11}.Debug|Any CPU.Build.0 = Debug|Any CPU
		{11DE16EF-3629-48DF-B96E-023687AF4F11}.Release|Any CPU.ActiveCfg = Release|Any CPU
		{11DE16EF-3629-48DF-B96E-023687AF4F11}.Release|Any CPU.Build.0 = Release|Any CPU
		{9560B069-8D40-4FFE-8F8C-64B49CBE1E24}.Debug|Any CPU.ActiveCfg = Debug|Any CPU
		{9560B069-8D40-4FFE-8F8C-64B49CBE1E24}.Debug|Any CPU.Build.0 = Debug|Any CPU
		{9560B069-8D40-4FFE-8F8C-64B49CBE1E24}.Release|Any CPU.ActiveCfg = Release|Any CPU
		{9560B069-8D40-4FFE-8F8C-64B49CBE1E24}.Release|Any CPU.Build.0 = Release|Any CPU
		{C5DD5FF3-5EC3-43A4-96BD-4F5ADFCA4A10}.Debug|Any CPU.ActiveCfg = Debug|Any CPU
		{C5DD5FF3-5EC3-43A4-96BD-4F5ADFCA4A10}.Debug|Any CPU.Build.0 = Debug|Any CPU
		{C5DD5FF3-5EC3-43A4-96BD-4F5ADFCA4A10}.Release|Any CPU.ActiveCfg = Release|Any CPU
		{C5DD5FF3-5EC3-43A4-96BD-4F5ADFCA4A10}.Release|Any CPU.Build.0 = Release|Any CPU
		{32326772-AFFE-4DBD-886E-8D1A2E307F93}.Debug|Any CPU.ActiveCfg = Debug|Any CPU
		{32326772-AFFE-4DBD-886E-8D1A2E307F93}.Debug|Any CPU.Build.0 = Debug|Any CPU
		{32326772-AFFE-4DBD-886E-8D1A2E307F93}.Release|Any CPU.ActiveCfg = Release|Any CPU
		{32326772-AFFE-4DBD-886E-8D1A2E307F93}.Release|Any CPU.Build.0 = Release|Any CPU
		{BB872DCC-90AF-4005-B357-EC546588ED60}.Debug|Any CPU.ActiveCfg = Debug|Any CPU
		{BB872DCC-90AF-4005-B357-EC546588ED60}.Debug|Any CPU.Build.0 = Debug|Any CPU
		{BB872DCC-90AF-4005-B357-EC546588ED60}.Release|Any CPU.ActiveCfg = Release|Any CPU
		{BB872DCC-90AF-4005-B357-EC546588ED60}.Release|Any CPU.Build.0 = Release|Any CPU
	EndGlobalSection
EndGlobal
